
Microsoft Visual Studio Solution File, Format Version 12.00
# Visual Studio Version 17
VisualStudioVersion = 17.3.32929.385
MinimumVisualStudioVersion = 10.0.40219.1
Project("{9A19103F-16F7-4668-BE54-9A1E7A4F7556}") = "MyJwtBuild.Auth.API", "MyJwtBuild.Auth.API\MyJwtBuild.Auth.API.csproj", "{298D6459-67D2-47A8-A160-630C65A96745}"
EndProject
Project("{9A19103F-16F7-4668-BE54-9A1E7A4F7556}") = "MyJwtBuild.Data.API", "MyJwtBuild.Data.API\MyJwtBuild.Data.API.csproj", "{F14BD04E-6EE6-480C-AC3C-F682911F30DD}"
EndProject
Project("{9A19103F-16F7-4668-BE54-9A1E7A4F7556}") = "MyJwtBuild.DATAACCESS", "MyJwtBuild.DATAACCESS\MyJwtBuild.DATAACCESS.csproj", "{1CF6D9E6-3FDC-47FA-87FC-734CCBC112DF}"
EndProject
Project("{9A19103F-16F7-4668-BE54-9A1E7A4F7556}") = "MyJwtBuild.BUSINESS", "MyJwtBuild.BUSINESS\MyJwtBuild.BUSINESS.csproj", "{7B16CC72-AC90-44DE-980F-291449568A0D}"
EndProject
Project("{9A19103F-16F7-4668-BE54-9A1E7A4F7556}") = "MyJwtBuild.Web.UI", "MyJwtBuild.Web.UI\MyJwtBuild.Web.UI.csproj", "{7722C252-4FD5-40E5-9E13-22DCD268D667}"
EndProject
Project("{9A19103F-16F7-4668-BE54-9A1E7A4F7556}") = "MyJwtBuild.DTO", "MyJwtBuild.DTO\MyJwtBuild.DTO.csproj", "{744FB3E1-B260-4509-B5A4-43E4F787E63B}"
EndProject
Project("{2150E333-8FDC-42A3-9474-1A3956D46DE8}") = "Solution Items", "Solution Items", "{48052EB0-1A53-46E8-B81D-AC6D774AC12D}"
	ProjectSection(SolutionItems) = preProject
		Icerik.txt = Icerik.txt
	EndProjectSection
EndProject
Global
	GlobalSection(SolutionConfigurationPlatforms) = preSolution
		Debug|Any CPU = Debug|Any CPU
		Release|Any CPU = Release|Any CPU
	EndGlobalSection
	GlobalSection(ProjectConfigurationPlatforms) = postSolution
		{298D6459-67D2-47A8-A160-630C65A96745}.Debug|Any CPU.ActiveCfg = Debug|Any CPU
		{298D6459-67D2-47A8-A160-630C65A96745}.Debug|Any CPU.Build.0 = Debug|Any CPU
		{298D6459-67D2-47A8-A160-630C65A96745}.Release|Any CPU.ActiveCfg = Release|Any CPU
		{298D6459-67D2-47A8-A160-630C65A96745}.Release|Any CPU.Build.0 = Release|Any CPU
		{F14BD04E-6EE6-480C-AC3C-F682911F30DD}.Debug|Any CPU.ActiveCfg = Debug|Any CPU
		{F14BD04E-6EE6-480C-AC3C-F682911F30DD}.Debug|Any CPU.Build.0 = Debug|Any CPU
		{F14BD04E-6EE6-480C-AC3C-F682911F30DD}.Release|Any CPU.ActiveCfg = Release|Any CPU
		{F14BD04E-6EE6-480C-AC3C-F682911F30DD}.Release|Any CPU.Build.0 = Release|Any CPU
		{1CF6D9E6-3FDC-47FA-87FC-734CCBC112DF}.Debug|Any CPU.ActiveCfg = Debug|Any CPU
		{1CF6D9E6-3FDC-47FA-87FC-734CCBC112DF}.Debug|Any CPU.Build.0 = Debug|Any CPU
		{1CF6D9E6-3FDC-47FA-87FC-734CCBC112DF}.Release|Any CPU.ActiveCfg = Release|Any CPU
		{1CF6D9E6-3FDC-47FA-87FC-734CCBC112DF}.Release|Any CPU.Build.0 = Release|Any CPU
		{7B16CC72-AC90-44DE-980F-291449568A0D}.Debug|Any CPU.ActiveCfg = Debug|Any CPU
		{7B16CC72-AC90-44DE-980F-291449568A0D}.Debug|Any CPU.Build.0 = Debug|Any CPU
		{7B16CC72-AC90-44DE-980F-291449568A0D}.Release|Any CPU.ActiveCfg = Release|Any CPU
		{7B16CC72-AC90-44DE-980F-291449568A0D}.Release|Any CPU.Build.0 = Release|Any CPU
		{7722C252-4FD5-40E5-9E13-22DCD268D667}.Debug|Any CPU.ActiveCfg = Debug|Any CPU
		{7722C252-4FD5-40E5-9E13-22DCD268D667}.Debug|Any CPU.Build.0 = Debug|Any CPU
		{7722C252-4FD5-40E5-9E13-22DCD268D667}.Release|Any CPU.ActiveCfg = Release|Any CPU
		{7722C252-4FD5-40E5-9E13-22DCD268D667}.Release|Any CPU.Build.0 = Release|Any CPU
		{744FB3E1-B260-4509-B5A4-43E4F787E63B}.Debug|Any CPU.ActiveCfg = Debug|Any CPU
		{744FB3E1-B260-4509-B5A4-43E4F787E63B}.Debug|Any CPU.Build.0 = Debug|Any CPU
		{744FB3E1-B260-4509-B5A4-43E4F787E63B}.Release|Any CPU.ActiveCfg = Release|Any CPU
		{744FB3E1-B260-4509-B5A4-43E4F787E63B}.Release|Any CPU.Build.0 = Release|Any CPU
	EndGlobalSection
	GlobalSection(SolutionProperties) = preSolution
		HideSolutionNode = FALSE
	EndGlobalSection
	GlobalSection(ExtensibilityGlobals) = postSolution
		SolutionGuid = {97861A0A-4078-409B-860F-4DB8E8E7534D}
	EndGlobalSection
EndGlobal
